
Microsoft Visual Studio Solution File, Format Version 12.00
# Visual Studio Version 17
VisualStudioVersion = 17.9.34701.34
MinimumVisualStudioVersion = 10.0.40219.1
Project("{C9674DCB-5085-4A16-B785-4C70DD1589BD}") = "Pokecoso", "Pokecoso.dtproj", "{494618D4-90DA-4B0B-A1C2-CF25541DA68B}"
EndProject
Global
	GlobalSection(SolutionConfigurationPlatforms) = preSolution
		Development|Default = Development|Default
	EndGlobalSection
	GlobalSection(ProjectConfigurationPlatforms) = postSolution
		{494618D4-90DA-4B0B-A1C2-CF25541DA68B}.Development|Default.ActiveCfg = Development
		{494618D4-90DA-4B0B-A1C2-CF25541DA68B}.Development|Default.Build.0 = Development
	EndGlobalSection
	GlobalSection(SolutionProperties) = preSolution
		HideSolutionNode = FALSE
	EndGlobalSection
	GlobalSection(ExtensibilityGlobals) = postSolution
		SolutionGuid = {C8834A4A-B94F-4970-8357-6FF5BF808E09}
	EndGlobalSection
EndGlobal
